lockfileVersion: '9.0'

settings:
  autoInstallPeers: true
  excludeLinksFromLockfile: false

importers:

  .:
    devDependencies:
      chrome-types:
        specifier: ^0.1.180
        version: 0.1.282
      prettier:
        specifier: ^2.8.7
        version: 2.8.8

packages:

  chrome-types@0.1.282:
    resolution: {integrity: sha512-gG0mUvPZAwzYGVK6EJLt4dgfL21FAf+kZu4Y2oOedAfzI6u4svLdAnw0GK6kPo1VNqThZ/LlwjGzqXglb+TS6g==}

  prettier@2.8.8:
    resolution: {integrity: sha512-tdN8qQGvNjw4CHbY+XXk0JgCXn9QiF21a55rBe5LJAU+kDyC4WQn4+awm2Xfk2lQMk5fKup9XgzTZtGkjBdP9Q==}
    engines: {node: '>=10.13.0'}
    hasBin: true

snapshots:

  chrome-types@0.1.282: {}

  prettier@2.8.8: {}
